
Microsoft Visual Studio Solution File, Format Version 12.00
# Visual Studio Version 17
VisualStudioVersion = 17.5.002.0
MinimumVisualStudioVersion = 10.0.40219.1
Project("{9A19103F-16F7-4668-BE54-9A1E7A4F7556}") = "Task_2", "Task_2.csproj", "{084934B5-3956-4ED3-AC40-8E954B9C0D37}"
EndProject
Global
	GlobalSection(SolutionConfigurationPlatforms) = preSolution
		Debug|Any CPU = Debug|Any CPU
		Release|Any CPU = Release|Any CPU
	EndGlobalSection
	GlobalSection(ProjectConfigurationPlatforms) = postSolution
		{084934B5-3956-4ED3-AC40-8E954B9C0D37}.Debug|Any CPU.ActiveCfg = Debug|Any CPU
		{084934B5-3956-4ED3-AC40-8E954B9C0D37}.Debug|Any CPU.Build.0 = Debug|Any CPU
		{084934B5-3956-4ED3-AC40-8E954B9C0D37}.Release|Any CPU.ActiveCfg = Release|Any CPU
		{084934B5-3956-4ED3-AC40-8E954B9C0D37}.Release|Any CPU.Build.0 = Release|Any CPU
	EndGlobalSection
	GlobalSection(SolutionProperties) = preSolution
		HideSolutionNode = FALSE
	EndGlobalSection
	GlobalSection(ExtensibilityGlobals) = postSolution
		SolutionGuid = {C68C8921-43EE-46A6-B9B4-8457A2535E87}
	EndGlobalSection
EndGlobal
